
Microsoft Visual Studio Solution File, Format Version 12.00
# Visual Studio Version 17
VisualStudioVersion = 17.14.36109.1 d17.14
MinimumVisualStudioVersion = 10.0.40219.1
Project("{FAE04EC0-301F-11D3-BF4B-00C04F79EFBC}") = "konyvek", "konyvek\konyvek.csproj", "{838B9F18-F87D-4B12-9751-08D4910E1E43}"
EndProject
Global
	GlobalSection(SolutionConfigurationPlatforms) = preSolution
		Debug|Any CPU = Debug|Any CPU
		Release|Any CPU = Release|Any CPU
	EndGlobalSection
	GlobalSection(ProjectConfigurationPlatforms) = postSolution
		{838B9F18-F87D-4B12-9751-08D4910E1E43}.Debug|Any CPU.ActiveCfg = Debug|Any CPU
		{838B9F18-F87D-4B12-9751-08D4910E1E43}.Debug|Any CPU.Build.0 = Debug|Any CPU
		{838B9F18-F87D-4B12-9751-08D4910E1E43}.Release|Any CPU.ActiveCfg = Release|Any CPU
		{838B9F18-F87D-4B12-9751-08D4910E1E43}.Release|Any CPU.Build.0 = Release|Any CPU
	EndGlobalSection
	GlobalSection(SolutionProperties) = preSolution
		HideSolutionNode = FALSE
	EndGlobalSection
	GlobalSection(ExtensibilityGlobals) = postSolution
		SolutionGuid = {0F6E47E5-AEF0-4894-B0D5-E2C2F7227838}
	EndGlobalSection
EndGlobal
